<Solution>
  <Folder Name="/src/">
    <Project Path="src/TBankAcquiringNet/TBankAcquiringNet.csproj" />
  </Folder>
  <Folder Name="/tests/">
    <Project Path="tests/TBankAcquiringNet.Tests.Integration/TBankAcquiringNet.Tests.Integration.csproj" />
    <Project Path="tests/TBankAcquiringNet.Tests/TBankAcquiringNet.Tests.csproj" />
  </Folder>
</Solution>
